
Microsoft Visual Studio Solution File, Format Version 12.00
# Visual Studio Version 16
VisualStudioVersion = 16.0.30907.101
MinimumVisualStudioVersion = 10.0.40219.1
Project("{FAE04EC0-301F-11D3-BF4B-00C04F79EFBC}") = "program5", "program5\program5.csproj", "{DDDD29EE-013E-44B9-9BB4-CF7EB4FDC08D}"
EndProject
Global
	GlobalSection(SolutionConfigurationPlatforms) = preSolution
		Debug|Any CPU = Debug|Any CPU
		Release|Any CPU = Release|Any CPU
	EndGlobalSection
	GlobalSection(ProjectConfigurationPlatforms) = postSolution
		{DDDD29EE-013E-44B9-9BB4-CF7EB4FDC08D}.Debug|Any CPU.ActiveCfg = Debug|Any CPU
		{DDDD29EE-013E-44B9-9BB4-CF7EB4FDC08D}.Debug|Any CPU.Build.0 = Debug|Any CPU
		{DDDD29EE-013E-44B9-9BB4-CF7EB4FDC08D}.Release|Any CPU.ActiveCfg = Release|Any CPU
		{DDDD29EE-013E-44B9-9BB4-CF7EB4FDC08D}.Release|Any CPU.Build.0 = Release|Any CPU
	EndGlobalSection
	GlobalSection(SolutionProperties) = preSolution
		HideSolutionNode = FALSE
	EndGlobalSection
	GlobalSection(ExtensibilityGlobals) = postSolution
		SolutionGuid = {FECCA53D-2DF2-49FC-89FE-EF0AA6B38C9E}
	EndGlobalSection
EndGlobal
