
Microsoft Visual Studio Solution File, Format Version 12.00
# Visual Studio Version 16
VisualStudioVersion = 16.0.30907.101
MinimumVisualStudioVersion = 10.0.40219.1
Project("{FAE04EC0-301F-11D3-BF4B-00C04F79EFBC}") = "program 9", "program 9\program 9.csproj", "{2B0E6819-531B-4BD2-BD2D-D90AF4977819}"
EndProject
Project("{9A19103F-16F7-4668-BE54-9A1E7A4F7556}") = "program 8", "..\program 8\program 8\program 8.csproj", "{F488E4F4-F436-4BDD-BA9C-13B3313D5FAF}"
EndProject
Global
	GlobalSection(SolutionConfigurationPlatforms) = preSolution
		Debug|Any CPU = Debug|Any CPU
		Release|Any CPU = Release|Any CPU
	EndGlobalSection
	GlobalSection(ProjectConfigurationPlatforms) = postSolution
		{2B0E6819-531B-4BD2-BD2D-D90AF4977819}.Debug|Any CPU.ActiveCfg = Debug|Any CPU
		{2B0E6819-531B-4BD2-BD2D-D90AF4977819}.Debug|Any CPU.Build.0 = Debug|Any CPU
		{2B0E6819-531B-4BD2-BD2D-D90AF4977819}.Release|Any CPU.ActiveCfg = Release|Any CPU
		{2B0E6819-531B-4BD2-BD2D-D90AF4977819}.Release|Any CPU.Build.0 = Release|Any CPU
		{F488E4F4-F436-4BDD-BA9C-13B3313D5FAF}.Debug|Any CPU.ActiveCfg = Debug|Any CPU
		{F488E4F4-F436-4BDD-BA9C-13B3313D5FAF}.Debug|Any CPU.Build.0 = Debug|Any CPU
		{F488E4F4-F436-4BDD-BA9C-13B3313D5FAF}.Release|Any CPU.ActiveCfg = Release|Any CPU
		{F488E4F4-F436-4BDD-BA9C-13B3313D5FAF}.Release|Any CPU.Build.0 = Release|Any CPU
	EndGlobalSection
	GlobalSection(SolutionProperties) = preSolution
		HideSolutionNode = FALSE
	EndGlobalSection
	GlobalSection(ExtensibilityGlobals) = postSolution
		SolutionGuid = {41181926-73A9-437E-B858-8BBB553FC28F}
	EndGlobalSection
EndGlobal
